
Microsoft Visual Studio Solution File, Format Version 11.00
# Visual Studio 2010
Project("{FAE04EC0-301F-11D3-BF4B-00C04F79EFBC}") = "Assembly-CSharp", "Assembly-CSharp.csproj", "{84C7158C-03D9-7620-0AE5-A14166BF5A29}"
EndProject
Project("{FAE04EC0-301F-11D3-BF4B-00C04F79EFBC}") = "Assembly-CSharp-firstpass", "Assembly-CSharp-firstpass.csproj", "{C2B95224-E749-E7ED-2AD8-D1440C216FE5}"
EndProject
Project("{FAE04EC0-301F-11D3-BF4B-00C04F79EFBC}") = "Assembly-CSharp-Editor-firstpass", "Assembly-CSharp-Editor-firstpass.csproj", "{3B0152DF-276C-118E-1F6A-6513BF38AF34}"
EndProject
Global
	GlobalSection(SolutionConfigurationPlatforms) = preSolution
		Debug|Any CPU = Debug|Any CPU
		Release|Any CPU = Release|Any CPU
	EndGlobalSection
	GlobalSection(ProjectConfigurationPlatforms) = postSolution
		{84C7158C-03D9-7620-0AE5-A14166BF5A29}.Debug|Any CPU.ActiveCfg = Debug|Any CPU
		{84C7158C-03D9-7620-0AE5-A14166BF5A29}.Debug|Any CPU.Build.0 = Debug|Any CPU
		{84C7158C-03D9-7620-0AE5-A14166BF5A29}.Release|Any CPU.ActiveCfg = Release|Any CPU
		{84C7158C-03D9-7620-0AE5-A14166BF5A29}.Release|Any CPU.Build.0 = Release|Any CPU
		{C2B95224-E749-E7ED-2AD8-D1440C216FE5}.Debug|Any CPU.ActiveCfg = Debug|Any CPU
		{C2B95224-E749-E7ED-2AD8-D1440C216FE5}.Debug|Any CPU.Build.0 = Debug|Any CPU
		{C2B95224-E749-E7ED-2AD8-D1440C216FE5}.Release|Any CPU.ActiveCfg = Release|Any CPU
		{C2B95224-E749-E7ED-2AD8-D1440C216FE5}.Release|Any CPU.Build.0 = Release|Any CPU
		{3B0152DF-276C-118E-1F6A-6513BF38AF34}.Debug|Any CPU.ActiveCfg = Debug|Any CPU
		{3B0152DF-276C-118E-1F6A-6513BF38AF34}.Debug|Any CPU.Build.0 = Debug|Any CPU
		{3B0152DF-276C-118E-1F6A-6513BF38AF34}.Release|Any CPU.ActiveCfg = Release|Any CPU
		{3B0152DF-276C-118E-1F6A-6513BF38AF34}.Release|Any CPU.Build.0 = Release|Any CPU
	EndGlobalSection
	GlobalSection(SolutionProperties) = preSolution
		HideSolutionNode = FALSE
	EndGlobalSection
EndGlobal
